# THIS IS AN AUTOGENERATED FILE. DO NOT EDIT THIS FILE DIRECTLY.
# yarn lockfile v1


lodash.escape@^4.0.1:
  version "4.0.1"
  resolved "https://registry.yarnpkg.com/lodash.escape/-/lodash.escape-4.0.1.tgz#c9044690c21e04294beaa517712fded1fa88de98"
  integrity sha1-yQRGkMIeBClL6qUXcS/e0fqI3pg=

lodash.get@^4.4.2:
  version "4.4.2"
  resolved "https://registry.yarnpkg.com/lodash.get/-/lodash.get-4.4.2.tgz#2d177f652fa31e939b4438d5341499dfa3825e99"
  integrity sha1-LRd/ZS+jHpObRDjVNBSZ36OCXpk=

md-writer@^0.2.0:
  version "0.2.0"
  resolved "https://registry.yarnpkg.com/md-writer/-/md-writer-0.2.0.tgz#a78fc2112656b41603c863a13954febccecf4578"
  integrity sha512-5D2kropjA4as0z9Iw9SQ9hi1qhV2beagRVTrbxK73pzmH8RJ6TYdb11aMeT0agNjNO0dpJMWXGENjK67LZ9OkQ==

readme-md@^0.8.0:
  version "0.8.0"
  resolved "https://registry.yarnpkg.com/readme-md/-/readme-md-0.8.0.tgz#cd161d5efd44ecaa10768f09038c6a972c0fc2f4"
  integrity sha512-S/w48x/U0zNRJLPFR334uDRVapdvF8KvlvG48oSbRaH76H4ZkgpZJZ9YgqonkAfVVfubv8Npf4oRj6fe7SDXWg==
  dependencies:
    lodash.escape "^4.0.1"
    lodash.get "^4.4.2"
    md-writer "^0.2.0"
